// !$*UTF8*$!
{
	archiveVersion = 1;
	classes = {
	};
	objectVersion = 55;
	objects = {

/* Begin PBXBuildFile section */
		C7AB02C6287422B300CD8E8D /* TableViewCell.swift in Sources */ = {isa = PBXBuildFile; fileRef = C7AB02C5287422B300CD8E8D /* TableViewCell.swift */; };
		C7E09E582872F248001D9976 /* AppDelegate.swift in Sources */ = {isa = PBXBuildFile; fileRef = C7E09E572872F248001D9976 /* AppDelegate.swift */; };
		C7E09E5A2872F248001D9976 /* SceneDelegate.swift in Sources */ = {isa = PBXBuildFile; fileRef = C7E09E592872F248001D9976 /* SceneDelegate.swift */; };
		C7E09E5C2872F248001D9976 /* ViewController.swift in Sources */ = {isa = PBXBuildFile; fileRef = C7E09E5B2872F248001D9976 /* ViewController.swift */; };
		C7E09E5F2872F248001D9976 /* Main.storyboard in Resources */ = {isa = PBXBuildFile; fileRef = C7E09E5D2872F248001D9976 /* Main.storyboard */; };
		C7E09E612872F249001D9976 /* Assets.xcassets in Resources */ = {isa = PBXBuildFile; fileRef = C7E09E602872F249001D9976 /* Assets.xcassets */; };
		C7E09E642872F249001D9976 /* LaunchScreen.storyboard in Resources */ = {isa = PBXBuildFile; fileRef = C7E09E622872F249001D9976 /* LaunchScreen.storyboard */; };
		C7E09E6C2872F2C8001D9976 /* ImageViewController.swift in Sources */ = {isa = PBXBuildFile; fileRef = C7E09E6B2872F2C8001D9976 /* ImageViewController.swift */; };
		C7E09E6F287316ED001D9976 /* CoursesViewController.swift in Sources */ = {isa = PBXBuildFile; fileRef = C7E09E6E287316ED001D9976 /* CoursesViewController.swift */; };
		C7E09E712873173E001D9976 /* WebViewController.swift in Sources */ = {isa = PBXBuildFile; fileRef = C7E09E702873173E001D9976 /* WebViewController.swift */; };
		C7E09E7428731B63001D9976 /* Course.swift in Sources */ = {isa = PBXBuildFile; fileRef = C7E09E7328731B63001D9976 /* Course.swift */; };
		C7E09E77287328A6001D9976 /* WebsiteDescription.swift in Sources */ = {isa = PBXBuildFile; fileRef = C7E09E76287328A6001D9976 /* WebsiteDescription.swift */; };
/* End PBXBuildFile section */

/* Begin PBXFileReference section */
		C7AB02C5287422B300CD8E8D /* TableViewCell.swift */ = {isa = PBXFileReference; lastKnownFileType = sourcecode.swift; path = TableViewCell.swift; sourceTree = "<group>"; };
		C7E09E542872F248001D9976 /* GetPostRequests.app */ = {isa = PBXFileReference; explicitFileType = wrapper.application; includeInIndex = 0; path = GetPostRequests.app; sourceTree = BUILT_PRODUCTS_DIR; };
		C7E09E572872F248001D9976 /* AppDelegate.swift */ = {isa = PBXFileReference; lastKnownFileType = sourcecode.swift; path = AppDelegate.swift; sourceTree = "<group>"; };
		C7E09E592872F248001D9976 /* SceneDelegate.swift */ = {isa = PBXFileReference; lastKnownFileType = sourcecode.swift; path = SceneDelegate.swift; sourceTree = "<group>"; };
		C7E09E5B2872F248001D9976 /* ViewController.swift */ = {isa = PBXFileReference; lastKnownFileType = sourcecode.swift; path = ViewController.swift; sourceTree = "<group>"; };
		C7E09E5E2872F248001D9976 /* Base */ = {isa = PBXFileReference; lastKnownFileType = file.storyboard; name = Base; path = Base.lproj/Main.storyboard; sourceTree = "<group>"; };
		C7E09E602872F249001D9976 /* Assets.xcassets */ = {isa = PBXFileReference; lastKnownFileType = folder.assetcatalog; path = Assets.xcassets; sourceTree = "<group>"; };
		C7E09E632872F249001D9976 /* Base */ = {isa = PBXFileReference; lastKnownFileType = file.storyboard; name = Base; path = Base.lproj/LaunchScreen.storyboard; sourceTree = "<group>"; };
		C7E09E652872F249001D9976 /* Info.plist */ = {isa = PBXFileReference; lastKnownFileType = text.plist.xml; path = Info.plist; sourceTree = "<group>"; };
		C7E09E6B2872F2C8001D9976 /* ImageViewController.swift */ = {isa = PBXFileReference; lastKnownFileType = sourcecode.swift; path = ImageViewController.swift; sourceTree = "<group>"; };
		C7E09E6D2872F975001D9976 /* Description.md */ = {isa = PBXFileReference; lastKnownFileType = net.daringfireball.markdown; path = Description.md; sourceTree = "<group>"; };
		C7E09E6E287316ED001D9976 /* CoursesViewController.swift */ = {isa = PBXFileReference; lastKnownFileType = sourcecode.swift; path = CoursesViewController.swift; sourceTree = "<group>"; };
		C7E09E702873173E001D9976 /* WebViewController.swift */ = {isa = PBXFileReference; lastKnownFileType = sourcecode.swift; path = WebViewController.swift; sourceTree = "<group>"; };
		C7E09E7328731B63001D9976 /* Course.swift */ = {isa = PBXFileReference; lastKnownFileType = sourcecode.swift; path = Course.swift; sourceTree = "<group>"; };
		C7E09E76287328A6001D9976 /* WebsiteDescription.swift */ = {isa = PBXFileReference; lastKnownFileType = sourcecode.swift; path = WebsiteDescription.swift; sourceTree = "<group>"; };
/* End PBXFileReference section */

/* Begin PBXFrameworksBuildPhase section */
		C7E09E512872F248001D9976 /* Frameworks */ = {
			isa = PBXFrameworksBuildPhase;
			buildActionMask = 2147483647;
			files = (
			);
			runOnlyForDeploymentPostprocessing = 0;
		};
/* End PBXFrameworksBuildPhase section */

/* Begin PBXGroup section */
		C7E09E4B2872F248001D9976 = {
			isa = PBXGroup;
			children = (
				C7E09E562872F248001D9976 /* GetPostRequests */,
				C7E09E552872F248001D9976 /* Products */,
			);
			sourceTree = "<group>";
		};
		C7E09E552872F248001D9976 /* Products */ = {
			isa = PBXGroup;
			children = (
				C7E09E542872F248001D9976 /* GetPostRequests.app */,
			);
			name = Products;
			sourceTree = "<group>";
		};
		C7E09E562872F248001D9976 /* GetPostRequests */ = {
			isa = PBXGroup;
			children = (
				C7E09E6D2872F975001D9976 /* Description.md */,
				C7E09E572872F248001D9976 /* AppDelegate.swift */,
				C7E09E592872F248001D9976 /* SceneDelegate.swift */,
				C7E09E7528731B6B001D9976 /* Models */,
				C7E09E7228731B30001D9976 /* ViewControllers */,
				C7E09E5D2872F248001D9976 /* Main.storyboard */,
				C7E09E602872F249001D9976 /* Assets.xcassets */,
				C7E09E622872F249001D9976 /* LaunchScreen.storyboard */,
				C7E09E652872F249001D9976 /* Info.plist */,
			);
			path = GetPostRequests;
			sourceTree = "<group>";
		};
		C7E09E7228731B30001D9976 /* ViewControllers */ = {
			isa = PBXGroup;
			children = (
				C7E09E5B2872F248001D9976 /* ViewController.swift */,
				C7E09E702873173E001D9976 /* WebViewController.swift */,
				C7E09E6E287316ED001D9976 /* CoursesViewController.swift */,
				C7AB02C5287422B300CD8E8D /* TableViewCell.swift */,
				C7E09E6B2872F2C8001D9976 /* ImageViewController.swift */,
			);
			path = ViewControllers;
			sourceTree = "<group>";
		};
		C7E09E7528731B6B001D9976 /* Models */ = {
			isa = PBXGroup;
			children = (
				C7E09E7328731B63001D9976 /* Course.swift */,
				C7E09E76287328A6001D9976 /* WebsiteDescription.swift */,
			);
			path = Models;
			sourceTree = "<group>";
		};
/* End PBXGroup section */

/* Begin PBXNativeTarget section */
		C7E09E532872F248001D9976 /* GetPostRequests */ = {
			isa = PBXNativeTarget;
			buildConfigurationList = C7E09E682872F249001D9976 /* Build configuration list for PBXNativeTarget "GetPostRequests" */;
			buildPhases = (
				C7E09E502872F248001D9976 /* Sources */,
				C7E09E512872F248001D9976 /* Frameworks */,
				C7E09E522872F248001D9976 /* Resources */,
			);
			buildRules = (
			);
			dependencies = (
			);
			name = GetPostRequests;
			productName = GetPostRequests;
			productReference = C7E09E542872F248001D9976 /* GetPostRequests.app */;
			productType = "com.apple.product-type.application";
		};
/* End PBXNativeTarget section */

/* Begin PBXProject section */
		C7E09E4C2872F248001D9976 /* Project object */ = {
			isa = PBXProject;
			attributes = {
				BuildIndependentTargetsInParallel = 1;
				LastSwiftUpdateCheck = 1320;
				LastUpgradeCheck = 1320;
				TargetAttributes = {
					C7E09E532872F248001D9976 = {
						CreatedOnToolsVersion = 13.2.1;
					};
				};
			};
			buildConfigurationList = C7E09E4F2872F248001D9976 /* Build configuration list for PBXProject "GetPostRequests" */;
			compatibilityVersion = "Xcode 13.0";
			developmentRegion = en;
			hasScannedForEncodings = 0;
			knownRegions = (
				en,
				Base,
			);
			mainGroup = C7E09E4B2872F248001D9976;
			productRefGroup = C7E09E552872F248001D9976 /* Products */;
			projectDirPath = "";
			projectRoot = "";
			targets = (
				C7E09E532872F248001D9976 /* GetPostRequests */,
			);
		};
/* End PBXProject section */

/* Begin PBXResourcesBuildPhase section */
		C7E09E522872F248001D9976 /* Resources */ = {
			isa = PBXResourcesBuildPhase;
			buildActionMask = 2147483647;
			files = (
				C7E09E642872F249001D9976 /* LaunchScreen.storyboard in Resources */,
				C7E09E612872F249001D9976 /* Assets.xcassets in Resources */,
				C7E09E5F2872F248001D9976 /* Main.storyboard in Resources */,
			);
			runOnlyForDeploymentPostprocessing = 0;
		};
/* End PBXResourcesBuildPhase section */

/* Begin PBXSourcesBuildPhase section */
		C7E09E502872F248001D9976 /* Sources */ = {
			isa = PBXSourcesBuildPhase;
			buildActionMask = 2147483647;
			files = (
				C7E09E5C2872F248001D9976 /* ViewController.swift in Sources */,
				C7E09E7428731B63001D9976 /* Course.swift in Sources */,
				C7E09E77287328A6001D9976 /* WebsiteDescription.swift in Sources */,
				C7AB02C6287422B300CD8E8D /* TableViewCell.swift in Sources */,
				C7E09E712873173E001D9976 /* WebViewController.swift in Sources */,
				C7E09E582872F248001D9976 /* AppDelegate.swift in Sources */,
				C7E09E6C2872F2C8001D9976 /* ImageViewController.swift in Sources */,
				C7E09E5A2872F248001D9976 /* SceneDelegate.swift in Sources */,
				C7E09E6F287316ED001D9976 /* CoursesViewController.swift in Sources */,
			);
			runOnlyForDeploymentPostprocessing = 0;
		};
/* End PBXSourcesBuildPhase section */

/* Begin PBXVariantGroup section */
		C7E09E5D2872F248001D9976 /* Main.storyboard */ = {
			isa = PBXVariantGroup;
			children = (
				C7E09E5E2872F248001D9976 /* Base */,
			);
			name = Main.storyboard;
			sourceTree = "<group>";
		};
		C7E09E622872F249001D9976 /* LaunchScreen.storyboard */ = {
			isa = PBXVariantGroup;
			children = (
				C7E09E632872F249001D9976 /* Base */,
			);
			name = LaunchScreen.storyboard;
			sourceTree = "<group>";
		};
/* End PBXVariantGroup section */

/* Begin XCBuildConfiguration section */
		C7E09E662872F249001D9976 /* Debug */ = {
			isa = XCBuildConfiguration;
			buildSettings = {
				ALWAYS_SEARCH_USER_PATHS = NO;
				CLANG_ANALYZER_NONNULL = YES;
				CLANG_ANALYZER_NUMBER_OBJECT_CONVERSION = YES_AGGRESSIVE;
				CLANG_CXX_LANGUAGE_STANDARD = "gnu++17";
				CLANG_CXX_LIBRARY = "libc++";
				CLANG_ENABLE_MODULES = YES;
				CLANG_ENABLE_OBJC_ARC = YES;
				CLANG_ENABLE_OBJC_WEAK = YES;
				CLANG_WARN_BLOCK_CAPTURE_AUTORELEASING = YES;
				CLANG_WARN_BOOL_CONVERSION = YES;
				CLANG_WARN_COMMA = YES;
				CLANG_WARN_CONSTANT_CONVERSION = YES;
				CLANG_WARN_DEPRECATED_OBJC_IMPLEMENTATIONS = YES;
				CLANG_WARN_DIRECT_OBJC_ISA_USAGE = YES_ERROR;
				CLANG_WARN_DOCUMENTATION_COMMENTS = YES;
				CLANG_WARN_EMPTY_BODY = YES;
				CLANG_WARN_ENUM_CONVERSION = YES;
				CLANG_WARN_INFINITE_RECURSION = YES;
				CLANG_WARN_INT_CONVERSION = YES;
				CLANG_WARN_NON_LITERAL_NULL_CONVERSION = YES;
				CLANG_WARN_OBJC_IMPLICIT_RETAIN_SELF = YES;
				CLANG_WARN_OBJC_LITERAL_CONVERSION = YES;
				CLANG_WARN_OBJC_ROOT_CLASS = YES_ERROR;
				CLANG_WARN_QUOTED_INCLUDE_IN_FRAMEWORK_HEADER = YES;
				CLANG_WARN_RANGE_LOOP_ANALYSIS = YES;
				CLANG_WARN_STRICT_PROTOTYPES = YES;
				CLANG_WARN_SUSPICIOUS_MOVE = YES;
				CLANG_WARN_UNGUARDED_AVAILABILITY = YES_AGGRESSIVE;
				CLANG_WARN_UNREACHABLE_CODE = YES;
				CLANG_WARN__DUPLICATE_METHOD_MATCH = YES;
				COPY_PHASE_STRIP = NO;
				DEBUG_INFORMATION_FORMAT = dwarf;
				ENABLE_STRICT_OBJC_MSGSEND = YES;
				ENABLE_TESTABILITY = YES;
				GCC_C_LANGUAGE_STANDARD = gnu11;
				GCC_DYNAMIC_NO_PIC = NO;
				GCC_NO_COMMON_BLOCKS = YES;
				GCC_OPTIMIZATION_LEVEL = 0;
				GCC_PREPROCESSOR_DEFINITIONS = (
					"DEBUG=1",
					"$(inherited)",
				);
				GCC_WARN_64_TO_32_BIT_CONVERSION = YES;
				GCC_WARN_ABOUT_RETURN_TYPE = YES_ERROR;
				GCC_WARN_UNDECLARED_SELECTOR = YES;
				GCC_WARN_UNINITIALIZED_AUTOS = YES_AGGRESSIVE;
				GCC_WARN_UNUSED_FUNCTION = YES;
				GCC_WARN_UNUSED_VARIABLE = YES;
				IPHONEOS_DEPLOYMENT_TARGET = 15.2;
				MTL_ENABLE_DEBUG_INFO = INCLUDE_SOURCE;
				MTL_FAST_MATH = YES;
				ONLY_ACTIVE_ARCH = YES;
				SDKROOT = iphoneos;
				SWIFT_ACTIVE_COMPILATION_CONDITIONS = DEBUG;
				SWIFT_OPTIMIZATION_LEVEL = "-Onone";
			};
			name = Debug;
		};
		C7E09E672872F249001D9976 /* Release */ = {
			isa = XCBuildConfiguration;
			buildSettings = {
				ALWAYS_SEARCH_USER_PATHS = NO;
				CLANG_ANALYZER_NONNULL = YES;
				CLANG_ANALYZER_NUMBER_OBJECT_CONVERSION = YES_AGGRESSIVE;
				CLANG_CXX_LANGUAGE_STANDARD = "gnu++17";
				CLANG_CXX_LIBRARY = "libc++";
				CLANG_ENABLE_MODULES = YES;
				CLANG_ENABLE_OBJC_ARC = YES;
				CLANG_ENABLE_OBJC_WEAK = YES;
				CLANG_WARN_BLOCK_CAPTURE_AUTORELEASING = YES;
				CLANG_WARN_BOOL_CONVERSION = YES;
				CLANG_WARN_COMMA = YES;
				CLANG_WARN_CONSTANT_CONVERSION = YES;
				CLANG_WARN_DEPRECATED_OBJC_IMPLEMENTATIONS = YES;
				CLANG_WARN_DIRECT_OBJC_ISA_USAGE = YES_ERROR;
				CLANG_WARN_DOCUMENTATION_COMMENTS = YES;
				CLANG_WARN_EMPTY_BODY = YES;
				CLANG_WARN_ENUM_CONVERSION = YES;
				CLANG_WARN_INFINITE_RECURSION = YES;
				CLANG_WARN_INT_CONVERSION = YES;
				CLANG_WARN_NON_LITERAL_NULL_CONVERSION = YES;
				CLANG_WARN_OBJC_IMPLICIT_RETAIN_SELF = YES;
				CLANG_WARN_OBJC_LITERAL_CONVERSION = YES;
				CLANG_WARN_OBJC_ROOT_CLASS = YES_ERROR;
				CLANG_WARN_QUOTED_INCLUDE_IN_FRAMEWORK_HEADER = YES;
				CLANG_WARN_RANGE_LOOP_ANALYSIS = YES;
				CLANG_WARN_STRICT_PROTOTYPES = YES;
				CLANG_WARN_SUSPICIOUS_MOVE = YES;
				CLANG_WARN_UNGUARDED_AVAILABILITY = YES_AGGRESSIVE;
				CLANG_WARN_UNREACHABLE_CODE = YES;
				CLANG_WARN__DUPLICATE_METHOD_MATCH = YES;
				COPY_PHASE_STRIP = NO;
				DEBUG_INFORMATION_FORMAT = "dwarf-with-dsym";
				ENABLE_NS_ASSERTIONS = NO;
				ENABLE_STRICT_OBJC_MSGSEND = YES;
				GCC_C_LANGUAGE_STANDARD = gnu11;
				GCC_NO_COMMON_BLOCKS = YES;
				GCC_WARN_64_TO_32_BIT_CONVERSION = YES;
				GCC_WARN_ABOUT_RETURN_TYPE = YES_ERROR;
				GCC_WARN_UNDECLARED_SELECTOR = YES;
				GCC_WARN_UNINITIALIZED_AUTOS = YES_AGGRESSIVE;
				GCC_WARN_UNUSED_FUNCTION = YES;
				GCC_WARN_UNUSED_VARIABLE = YES;
				IPHONEOS_DEPLOYMENT_TARGET = 15.2;
				MTL_ENABLE_DEBUG_INFO = NO;
				MTL_FAST_MATH = YES;
				SDKROOT = iphoneos;
				SWIFT_COMPILATION_MODE = wholemodule;
				SWIFT_OPTIMIZATION_LEVEL = "-O";
				VALIDATE_PRODUCT = YES;
			};
			name = Release;
		};
		C7E09E692872F249001D9976 /* Debug */ = {
			isa = XCBuildConfiguration;
			buildSettings = {
				ASSETCATALOG_COMPILER_APPICON_NAME = AppIcon;
				ASSETCATALOG_COMPILER_GLOBAL_ACCENT_COLOR_NAME = AccentColor;
				CODE_SIGN_STYLE = Automatic;
				CURRENT_PROJECT_VERSION = 1;
				GENERATE_INFOPLIST_FILE = YES;
				INFOPLIST_FILE = GetPostRequests/Info.plist;
				INFOPLIST_KEY_UIApplicationSupportsIndirectInputEvents = YES;
				INFOPLIST_KEY_UILaunchStoryboardName = LaunchScreen;
				INFOPLIST_KEY_UIMainStoryboardFile = Main;
				INFOPLIST_KEY_UISupportedInterfaceOrientations = UIInterfaceOrientationPortrait;
				INFOPLIST_KEY_UISupportedInterfaceOrientations_iPad = "UIInterfaceOrientationPortrait UIInterfaceOrientationPortraitUpsideDown UIInterfaceOrientationLandscapeLeft UIInterfaceOrientationLandscapeRight";
				INFOPLIST_KEY_UISupportedInterfaceOrientations_iPhone = "UIInterfaceOrientationPortrait UIInterfaceOrientationLandscapeLeft UIInterfaceOrientationLandscapeRight";
				LD_RUNPATH_SEARCH_PATHS = (
					"$(inherited)",
					"@executable_path/Frameworks",
				);
				MARKETING_VERSION = 1.0;
				PRODUCT_BUNDLE_IDENTIFIER = com.example.GetPostRequests;
				PRODUCT_NAME = "$(TARGET_NAME)";
				SWIFT_EMIT_LOC_STRINGS = YES;
				SWIFT_VERSION = 5.0;
				TARGETED_DEVICE_FAMILY = 1;
			};
			name = Debug;
		};
		C7E09E6A2872F249001D9976 /* Release */ = {
			isa = XCBuildConfiguration;
			buildSettings = {
				ASSETCATALOG_COMPILER_APPICON_NAME = AppIcon;
				ASSETCATALOG_COMPILER_GLOBAL_ACCENT_COLOR_NAME = AccentColor;
				CODE_SIGN_STYLE = Automatic;
				CURRENT_PROJECT_VERSION = 1;
				GENERATE_INFOPLIST_FILE = YES;
				INFOPLIST_FILE = GetPostRequests/Info.plist;
				INFOPLIST_KEY_UIApplicationSupportsIndirectInputEvents = YES;
				INFOPLIST_KEY_UILaunchStoryboardName = LaunchScreen;
				INFOPLIST_KEY_UIMainStoryboardFile = Main;
				INFOPLIST_KEY_UISupportedInterfaceOrientations = UIInterfaceOrientationPortrait;
				INFOPLIST_KEY_UISupportedInterfaceOrientations_iPad = "UIInterfaceOrientationPortrait UIInterfaceOrientationPortraitUpsideDown UIInterfaceOrientationLandscapeLeft UIInterfaceOrientationLandscapeRight";
				INFOPLIST_KEY_UISupportedInterfaceOrientations_iPhone = "UIInterfaceOrientationPortrait UIInterfaceOrientationLandscapeLeft UIInterfaceOrientationLandscapeRight";
				LD_RUNPATH_SEARCH_PATHS = (
					"$(inherited)",
					"@executable_path/Frameworks",
				);
				MARKETING_VERSION = 1.0;
				PRODUCT_BUNDLE_IDENTIFIER = com.example.GetPostRequests;
				PRODUCT_NAME = "$(TARGET_NAME)";
				SWIFT_EMIT_LOC_STRINGS = YES;
				SWIFT_VERSION = 5.0;
				TARGETED_DEVICE_FAMILY = 1;
			};
			name = Release;
		};
/* End XCBuildConfiguration section */

/* Begin XCConfigurationList section */
		C7E09E4F2872F248001D9976 /* Build configuration list for PBXProject "GetPostRequests" */ = {
			isa = XCConfigurationList;
			buildConfigurations = (
				C7E09E662872F249001D9976 /* Debug */,
				C7E09E672872F249001D9976 /* Release */,
			);
			defaultConfigurationIsVisible = 0;
			defaultConfigurationName = Release;
		};
		C7E09E682872F249001D9976 /* Build configuration list for PBXNativeTarget "GetPostRequests" */ = {
			isa = XCConfigurationList;
			buildConfigurations = (
				C7E09E692872F249001D9976 /* Debug */,
				C7E09E6A2872F249001D9976 /* Release */,
			);
			defaultConfigurationIsVisible = 0;
			defaultConfigurationName = Release;
		};
/* End XCConfigurationList section */
	};
	rootObject = C7E09E4C2872F248001D9976 /* Project object */;
}
